{
  "version": 4,
  "terraform_version": "1.10.5",
  "serial": 1006,
  "lineage": "bb6ef156-f514-1441-aae0-221240fd075e",
  "outputs": {},
  "resources": [
    {
      "module": "module.policy",
      "mode": "managed",
      "type": "checkpoint_management_access_layer",
      "name": "dns_layer",
      "provider": "provider[\"registry.terraform.io/checkpointsw/checkpoint\"]",
      "instances": [
        {
          "schema_version": 0,
          "attributes": {
            "add_default_rule": false,
            "applications_and_url_filtering": true,
            "color": "red",
            "comments": "Test via Terraform",
            "content_awareness": true,
            "detect_using_x_forward_for": false,
            "firewall": true,
            "id": "715280f0-ab5c-4c51-8e6e-d34ebf4b1591",
            "ignore_errors": false,
            "ignore_warnings": false,
            "implicit_cleanup_action": "drop",
            "mobile_access": false,
            "name": "dns_layer",
            "shared": true,
            "tags": []
          },
          "sensitive_attributes": [],
          "private": "bnVsbA==",
          "dependencies": [
            "module.pre_publish.checkpoint_management_publish.pre_publish"
          ]
        }
      ]
    },
    {
      "module": "module.policy",
      "mode": "managed",
      "type": "checkpoint_management_access_rule",
      "name": "inline_cleanup",
      "provider": "provider[\"registry.terraform.io/checkpointsw/checkpoint\"]",
      "instances": [
        {
          "schema_version": 0,
          "attributes": {
            "action": "Drop",
            "action_settings": {},
            "comments": "",
            "content": [],
            "content_direction": "any",
            "content_negate": false,
            "custom_fields": {},
            "destination": [
              "any"
            ],
            "destination_negate": false,
            "enabled": true,
            "fields_with_uid_identifier": null,
            "id": "57cd7c92-35d9-4710-b4e4-b100849250f2",
            "ignore_errors": false,
            "ignore_warnings": false,
            "inline_layer": null,
            "install_on": [],
            "layer": "dns_layer",
            "name": "Inline Cleanup",
            "position": {
              "bottom": "bottom"
            },
            "service": [
              "any"
            ],
            "service_negate": false,
            "source": [
              "any"
            ],
            "source_negate": false,
            "time": [],
            "track": {
              "accounting": "true",
              "alert": "none",
              "enable_firewall_session": "true",
              "per_connection": "true",
              "per_session": "true",
              "type": "Log"
            },
            "user_check": [],
            "vpn": "Any",
            "vpn_communities": [],
            "vpn_directional": []
          },
          "sensitive_attributes": [],
          "private": "bnVsbA==",
          "dependencies": [
            "module.policy.checkpoint_management_access_layer.dns_layer",
            "module.pre_publish.checkpoint_management_publish.pre_publish"
          ]
        }
      ]
    },
    {
      "module": "module.policy",
      "mode": "managed",
      "type": "checkpoint_management_access_rule",
      "name": "inline_rule1",
      "provider": "provider[\"registry.terraform.io/checkpointsw/checkpoint\"]",
      "instances": [
        {
          "schema_version": 0,
          "attributes": {
            "action": "Accept",
            "action_settings": {
              "enable_identity_captive_portal": "false"
            },
            "comments": "",
            "content": [],
            "content_direction": "any",
            "content_negate": false,
            "custom_fields": {},
            "destination": [
              "any"
            ],
            "destination_negate": false,
            "enabled": true,
            "fields_with_uid_identifier": null,
            "id": "f9c82cc2-c61f-4bd3-b383-32c8be72b676",
            "ignore_errors": false,
            "ignore_warnings": false,
            "inline_layer": null,
            "install_on": [],
            "layer": "dns_layer",
            "name": "Inline Rule 1",
            "position": {
              "top": "top"
            },
            "service": [
              "any"
            ],
            "service_negate": false,
            "source": [
              "host1",
              "host2",
              "host3",
              "host4",
              "host5"
            ],
            "source_negate": false,
            "time": [],
            "track": {
              "accounting": "true",
              "alert": "none",
              "enable_firewall_session": "true",
              "per_connection": "true",
              "per_session": "true",
              "type": "Log"
            },
            "user_check": [],
            "vpn": "Any",
            "vpn_communities": [],
            "vpn_directional": []
          },
          "sensitive_attributes": [],
          "private": "bnVsbA==",
          "dependencies": [
            "module.policy.checkpoint_management_access_layer.dns_layer",
            "module.policy.checkpoint_management_host.host1",
            "module.policy.checkpoint_management_host.host2",
            "module.policy.checkpoint_management_host.host3",
            "module.policy.checkpoint_management_host.host4",
            "module.policy.checkpoint_management_host.host5",
            "module.pre_publish.checkpoint_management_publish.pre_publish"
          ]
        }
      ]
    },
    {
      "module": "module.policy",
      "mode": "managed",
      "type": "checkpoint_management_access_rule",
      "name": "rule1",
      "provider": "provider[\"registry.terraform.io/checkpointsw/checkpoint\"]",
      "instances": [
        {
          "schema_version": 0,
          "attributes": {
            "action": "Accept",
            "action_settings": {
              "enable_identity_captive_portal": "false"
            },
            "comments": "",
            "content": [],
            "content_direction": "any",
            "content_negate": false,
            "custom_fields": {},
            "destination": [
              "network1"
            ],
            "destination_negate": false,
            "enabled": true,
            "fields_with_uid_identifier": null,
            "id": "9417a1a4-a11b-412a-8769-ed5e826da470",
            "ignore_errors": false,
            "ignore_warnings": false,
            "inline_layer": null,
            "install_on": [],
            "layer": "R81.20_terraform_Demo Network",
            "name": "Rule 1",
            "position": {
              "top": "top"
            },
            "service": [
              "UDP_service1",
              "service1"
            ],
            "service_negate": false,
            "source": [
              "host1"
            ],
            "source_negate": false,
            "time": [],
            "track": {
              "accounting": "true",
              "alert": "none",
              "enable_firewall_session": "true",
              "per_connection": "true",
              "per_session": "true",
              "type": "Log"
            },
            "user_check": [],
            "vpn": "Any",
            "vpn_communities": [],
            "vpn_directional": []
          },
          "sensitive_attributes": [],
          "private": "bnVsbA==",
          "dependencies": [
            "module.policy.checkpoint_management_host.host1",
            "module.policy.checkpoint_management_network.network1",
            "module.policy.checkpoint_management_package.R81_terraform_Demo",
            "module.policy.checkpoint_management_service_tcp.service1",
            "module.policy.checkpoint_management_service_udp.service1",
            "module.pre_publish.checkpoint_management_publish.pre_publish"
          ]
        }
      ]
    },
    {
      "module": "module.policy",
      "mode": "managed",
      "type": "checkpoint_management_access_rule",
      "name": "rule2",
      "provider": "provider[\"registry.terraform.io/checkpointsw/checkpoint\"]",
      "instances": [
        {
          "schema_version": 0,
          "attributes": {
            "action": "Accept",
            "action_settings": {
              "enable_identity_captive_portal": "false"
            },
            "comments": "",
            "content": [],
            "content_direction": "any",
            "content_negate": false,
            "custom_fields": {},
            "destination": [
              "network2"
            ],
            "destination_negate": false,
            "enabled": true,
            "fields_with_uid_identifier": null,
            "id": "cc0c81ab-7686-4af2-b214-e670b3120ed2",
            "ignore_errors": false,
            "ignore_warnings": false,
            "inline_layer": null,
            "install_on": [],
            "layer": "R81.20_terraform_Demo Network",
            "name": "Rule 2",
            "position": {
              "below": "9417a1a4-a11b-412a-8769-ed5e826da470"
            },
            "service": [
              "UDP_service2",
              "service2"
            ],
            "service_negate": false,
            "source": [
              "host2"
            ],
            "source_negate": false,
            "time": [],
            "track": {
              "accounting": "true",
              "alert": "none",
              "enable_firewall_session": "true",
              "per_connection": "true",
              "per_session": "true",
              "type": "Log"
            },
            "user_check": [],
            "vpn": "Any",
            "vpn_communities": [],
            "vpn_directional": []
          },
          "sensitive_attributes": [],
          "private": "bnVsbA==",
          "dependencies": [
            "module.policy.checkpoint_management_access_rule.rule1",
            "module.policy.checkpoint_management_host.host1",
            "module.policy.checkpoint_management_host.host2",
            "module.policy.checkpoint_management_network.network1",
            "module.policy.checkpoint_management_network.network2",
            "module.policy.checkpoint_management_package.R81_terraform_Demo",
            "module.policy.checkpoint_management_service_tcp.service1",
            "module.policy.checkpoint_management_service_tcp.service2",
            "module.policy.checkpoint_management_service_udp.service1",
            "module.policy.checkpoint_management_service_udp.service2",
            "module.pre_publish.checkpoint_management_publish.pre_publish"
          ]
        }
      ]
    },
    {
      "module": "module.policy",
      "mode": "managed",
      "type": "checkpoint_management_access_rule",
      "name": "rule3",
      "provider": "provider[\"registry.terraform.io/checkpointsw/checkpoint\"]",
      "instances": [
        {
          "schema_version": 0,
          "attributes": {
            "action": "Accept",
            "action_settings": {
              "enable_identity_captive_portal": "false"
            },
            "comments": "",
            "content": [],
            "content_direction": "any",
            "content_negate": false,
            "custom_fields": {},
            "destination": [
              "network3"
            ],
            "destination_negate": false,
            "enabled": true,
            "fields_with_uid_identifier": null,
            "id": "e0a8c258-f7a2-413e-9508-894ecbc390b0",
            "ignore_errors": false,
            "ignore_warnings": false,
            "inline_layer": null,
            "install_on": [],
            "layer": "R81.20_terraform_Demo Network",
            "name": "Rule 3",
            "position": {
              "below": "cc0c81ab-7686-4af2-b214-e670b3120ed2"
            },
            "service": [
              "UDP_service3",
              "service3"
            ],
            "service_negate": false,
            "source": [
              "host3"
            ],
            "source_negate": false,
            "time": [],
            "track": {
              "accounting": "true",
              "alert": "none",
              "enable_firewall_session": "true",
              "per_connection": "true",
              "per_session": "true",
              "type": "Log"
            },
            "user_check": [],
            "vpn": "Any",
            "vpn_communities": [],
            "vpn_directional": []
          },
          "sensitive_attributes": [],
          "private": "bnVsbA==",
          "dependencies": [
            "module.policy.checkpoint_management_access_rule.rule1",
            "module.policy.checkpoint_management_access_rule.rule2",
            "module.policy.checkpoint_management_host.host1",
            "module.policy.checkpoint_management_host.host2",
            "module.policy.checkpoint_management_host.host3",
            "module.policy.checkpoint_management_network.network1",
            "module.policy.checkpoint_management_network.network2",
            "module.policy.checkpoint_management_network.network3",
            "module.policy.checkpoint_management_package.R81_terraform_Demo",
            "module.policy.checkpoint_management_service_tcp.service1",
            "module.policy.checkpoint_management_service_tcp.service2",
            "module.policy.checkpoint_management_service_tcp.service3",
            "module.policy.checkpoint_management_service_udp.service1",
            "module.policy.checkpoint_management_service_udp.service2",
            "module.policy.checkpoint_management_service_udp.service3",
            "module.pre_publish.checkpoint_management_publish.pre_publish"
          ]
        }
      ]
    },
    {
      "module": "module.policy",
      "mode": "managed",
      "type": "checkpoint_management_access_rule",
      "name": "rule4",
      "provider": "provider[\"registry.terraform.io/checkpointsw/checkpoint\"]",
      "instances": [
        {
          "schema_version": 0,
          "attributes": {
            "action": "Accept",
            "action_settings": {
              "enable_identity_captive_portal": "false"
            },
            "comments": "",
            "content": [],
            "content_direction": "any",
            "content_negate": false,
            "custom_fields": {},
            "destination": [
              "network4"
            ],
            "destination_negate": false,
            "enabled": true,
            "fields_with_uid_identifier": null,
            "id": "bf86734b-ecaa-405b-a245-77327e8e3bb0",
            "ignore_errors": false,
            "ignore_warnings": false,
            "inline_layer": null,
            "install_on": [],
            "layer": "R81.20_terraform_Demo Network",
            "name": "Rule 4",
            "position": {
              "below": "e0a8c258-f7a2-413e-9508-894ecbc390b0"
            },
            "service": [
              "UDP_service4",
              "service4"
            ],
            "service_negate": false,
            "source": [
              "host4"
            ],
            "source_negate": false,
            "time": [],
            "track": {
              "accounting": "true",
              "alert": "none",
              "enable_firewall_session": "true",
              "per_connection": "true",
              "per_session": "true",
              "type": "Log"
            },
            "user_check": [],
            "vpn": "Any",
            "vpn_communities": [],
            "vpn_directional": []
          },
          "sensitive_attributes": [],
          "private": "bnVsbA==",
          "dependencies": [
            "module.policy.checkpoint_management_access_rule.rule1",
            "module.policy.checkpoint_management_access_rule.rule2",
            "module.policy.checkpoint_management_access_rule.rule3",
            "module.policy.checkpoint_management_host.host1",
            "module.policy.checkpoint_management_host.host2",
            "module.policy.checkpoint_management_host.host3",
            "module.policy.checkpoint_management_host.host4",
            "module.policy.checkpoint_management_network.network1",
            "module.policy.checkpoint_management_network.network2",
            "module.policy.checkpoint_management_network.network3",
            "module.policy.checkpoint_management_network.network4",
            "module.policy.checkpoint_management_package.R81_terraform_Demo",
            "module.policy.checkpoint_management_service_tcp.service1",
            "module.policy.checkpoint_management_service_tcp.service2",
            "module.policy.checkpoint_management_service_tcp.service3",
            "module.policy.checkpoint_management_service_tcp.service4",
            "module.policy.checkpoint_management_service_udp.service1",
            "module.policy.checkpoint_management_service_udp.service2",
            "module.policy.checkpoint_management_service_udp.service3",
            "module.policy.checkpoint_management_service_udp.service4",
            "module.pre_publish.checkpoint_management_publish.pre_publish"
          ]
        }
      ]
    },
    {
      "module": "module.policy",
      "mode": "managed",
      "type": "checkpoint_management_access_rule",
      "name": "rule5",
      "provider": "provider[\"registry.terraform.io/checkpointsw/checkpoint\"]",
      "instances": [
        {
          "schema_version": 0,
          "attributes": {
            "action": "Apply Layer",
            "action_settings": {},
            "comments": "",
            "content": [],
            "content_direction": "any",
            "content_negate": false,
            "custom_fields": {},
            "destination": [
              "any"
            ],
            "destination_negate": false,
            "enabled": true,
            "fields_with_uid_identifier": null,
            "id": "c46bfac5-a0cc-4c72-a573-2049bd3be22f",
            "ignore_errors": false,
            "ignore_warnings": false,
            "inline_layer": "dns_layer",
            "install_on": [],
            "layer": "R81.20_terraform_Demo Network",
            "name": "Rule 5",
            "position": {
              "below": "bf86734b-ecaa-405b-a245-77327e8e3bb0"
            },
            "service": [
              "DNS"
            ],
            "service_negate": false,
            "source": [
              "network1",
              "network2"
            ],
            "source_negate": false,
            "time": [],
            "track": {
              "accounting": "true",
              "alert": "none",
              "enable_firewall_session": "true",
              "per_connection": "true",
              "per_session": "true",
              "type": "None"
            },
            "user_check": [],
            "vpn": "Any",
            "vpn_communities": [],
            "vpn_directional": []
          },
          "sensitive_attributes": [],
          "private": "bnVsbA==",
          "dependencies": [
            "module.policy.checkpoint_management_access_layer.dns_layer",
            "module.policy.checkpoint_management_access_rule.rule1",
            "module.policy.checkpoint_management_access_rule.rule2",
            "module.policy.checkpoint_management_access_rule.rule3",
            "module.policy.checkpoint_management_access_rule.rule4",
            "module.policy.checkpoint_management_host.host1",
            "module.policy.checkpoint_management_host.host2",
            "module.policy.checkpoint_management_host.host3",
            "module.policy.checkpoint_management_host.host4",
            "module.policy.checkpoint_management_network.network1",
            "module.policy.checkpoint_management_network.network2",
            "module.policy.checkpoint_management_network.network3",
            "module.policy.checkpoint_management_network.network4",
            "module.policy.checkpoint_management_package.R81_terraform_Demo",
            "module.policy.checkpoint_management_service_tcp.service1",
            "module.policy.checkpoint_management_service_tcp.service2",
            "module.policy.checkpoint_management_service_tcp.service3",
            "module.policy.checkpoint_management_service_tcp.service4",
            "module.policy.checkpoint_management_service_udp.service1",
            "module.policy.checkpoint_management_service_udp.service2",
            "module.policy.checkpoint_management_service_udp.service3",
            "module.policy.checkpoint_management_service_udp.service4",
            "module.pre_publish.checkpoint_management_publish.pre_publish"
          ]
        }
      ]
    },
    {
      "module": "module.policy",
      "mode": "managed",
      "type": "checkpoint_management_host",
      "name": "host1",
      "provider": "provider[\"registry.terraform.io/checkpointsw/checkpoint\"]",
      "instances": [
        {
          "schema_version": 0,
          "attributes": {
            "color": "blue",
            "comments": "",
            "host_servers": [],
            "id": "0764146a-7abd-47ad-91f1-8a33d6a66917",
            "ignore_errors": false,
            "ignore_warnings": false,
            "interfaces": [],
            "ipv4_address": "1.2.3.4",
            "ipv6_address": null,
            "name": "host1",
            "nat_settings": {
              "auto_rule": "false"
            },
            "tags": []
          },
          "sensitive_attributes": [],
          "private": "bnVsbA==",
          "dependencies": [
            "module.pre_publish.checkpoint_management_publish.pre_publish"
          ]
        }
      ]
    },
    {
      "module": "module.policy",
      "mode": "managed",
      "type": "checkpoint_management_host",
      "name": "host2",
      "provider": "provider[\"registry.terraform.io/checkpointsw/checkpoint\"]",
      "instances": [
        {
          "schema_version": 0,
          "attributes": {
            "color": "red",
            "comments": "",
            "host_servers": [],
            "id": "44809587-8e41-4b5c-a986-f4b43d005f46",
            "ignore_errors": false,
            "ignore_warnings": false,
            "interfaces": [],
            "ipv4_address": "2.3.3.4",
            "ipv6_address": null,
            "name": "host2",
            "nat_settings": {
              "auto_rule": "false"
            },
            "tags": []
          },
          "sensitive_attributes": [],
          "private": "bnVsbA==",
          "dependencies": [
            "module.pre_publish.checkpoint_management_publish.pre_publish"
          ]
        }
      ]
    },
    {
      "module": "module.policy",
      "mode": "managed",
      "type": "checkpoint_management_host",
      "name": "host3",
      "provider": "provider[\"registry.terraform.io/checkpointsw/checkpoint\"]",
      "instances": [
        {
          "schema_version": 0,
          "attributes": {
            "color": "sea green",
            "comments": "",
            "host_servers": [],
            "id": "d7ac363a-0668-46a0-ac3f-a20d8cb11080",
            "ignore_errors": false,
            "ignore_warnings": false,
            "interfaces": [],
            "ipv4_address": "3.2.3.4",
            "ipv6_address": null,
            "name": "host3",
            "nat_settings": {
              "auto_rule": "false"
            },
            "tags": []
          },
          "sensitive_attributes": [],
          "private": "bnVsbA==",
          "dependencies": [
            "module.pre_publish.checkpoint_management_publish.pre_publish"
          ]
        }
      ]
    },
    {
      "module": "module.policy",
      "mode": "managed",
      "type": "checkpoint_management_host",
      "name": "host4",
      "provider": "provider[\"registry.terraform.io/checkpointsw/checkpoint\"]",
      "instances": [
        {
          "schema_version": 0,
          "attributes": {
            "color": "pink",
            "comments": "",
            "host_servers": [],
            "id": "d324d2c5-16c2-4ab2-b235-89e6946794f3",
            "ignore_errors": false,
            "ignore_warnings": false,
            "interfaces": [],
            "ipv4_address": "4.2.3.4",
            "ipv6_address": null,
            "name": "host4",
            "nat_settings": {
              "auto_rule": "false"
            },
            "tags": []
          },
          "sensitive_attributes": [],
          "private": "bnVsbA==",
          "dependencies": [
            "module.pre_publish.checkpoint_management_publish.pre_publish"
          ]
        }
      ]
    },
    {
      "module": "module.policy",
      "mode": "managed",
      "type": "checkpoint_management_host",
      "name": "host5",
      "provider": "provider[\"registry.terraform.io/checkpointsw/checkpoint\"]",
      "instances": [
        {
          "schema_version": 0,
          "attributes": {
            "color": "orange",
            "comments": "",
            "host_servers": [],
            "id": "1a39d2c3-d52b-4fea-98b7-4e55fc1ab4bd",
            "ignore_errors": false,
            "ignore_warnings": false,
            "interfaces": [],
            "ipv4_address": "5.2.3.4",
            "ipv6_address": null,
            "name": "host5",
            "nat_settings": {
              "auto_rule": "false"
            },
            "tags": []
          },
          "sensitive_attributes": [],
          "private": "bnVsbA==",
          "dependencies": [
            "module.pre_publish.checkpoint_management_publish.pre_publish"
          ]
        }
      ]
    },
    {
      "module": "module.policy",
      "mode": "managed",
      "type": "checkpoint_management_network",
      "name": "network1",
      "provider": "provider[\"registry.terraform.io/checkpointsw/checkpoint\"]",
      "instances": [
        {
          "schema_version": 0,
          "attributes": {
            "broadcast": "allow",
            "color": "blue",
            "comments": "",
            "id": "e88cdde7-6cb6-4901-a33f-9b9d5cca247b",
            "ignore_errors": false,
            "ignore_warnings": false,
            "mask_length4": 24,
            "mask_length6": null,
            "name": "network1",
            "nat_settings": {
              "auto_rule": "false"
            },
            "subnet4": "1.2.3.0",
            "subnet6": null,
            "tags": []
          },
          "sensitive_attributes": [],
          "private": "bnVsbA==",
          "dependencies": [
            "module.pre_publish.checkpoint_management_publish.pre_publish"
          ]
        }
      ]
    },
    {
      "module": "module.policy",
      "mode": "managed",
      "type": "checkpoint_management_network",
      "name": "network2",
      "provider": "provider[\"registry.terraform.io/checkpointsw/checkpoint\"]",
      "instances": [
        {
          "schema_version": 0,
          "attributes": {
            "broadcast": "allow",
            "color": "red",
            "comments": "",
            "id": "6205a258-ba64-4437-9a6a-64e0b2b6fc3d",
            "ignore_errors": false,
            "ignore_warnings": false,
            "mask_length4": 24,
            "mask_length6": null,
            "name": "network2",
            "nat_settings": {
              "auto_rule": "false"
            },
            "subnet4": "2.2.3.0",
            "subnet6": null,
            "tags": []
          },
          "sensitive_attributes": [],
          "private": "bnVsbA==",
          "dependencies": [
            "module.pre_publish.checkpoint_management_publish.pre_publish"
          ]
        }
      ]
    },
    {
      "module": "module.policy",
      "mode": "managed",
      "type": "checkpoint_management_network",
      "name": "network3",
      "provider": "provider[\"registry.terraform.io/checkpointsw/checkpoint\"]",
      "instances": [
        {
          "schema_version": 0,
          "attributes": {
            "broadcast": "allow",
            "color": "sea green",
            "comments": "",
            "id": "edbb52d9-1954-472f-b9e8-8c7bb8a8f486",
            "ignore_errors": false,
            "ignore_warnings": false,
            "mask_length4": 24,
            "mask_length6": null,
            "name": "network3",
            "nat_settings": {
              "auto_rule": "false"
            },
            "subnet4": "3.2.3.0",
            "subnet6": null,
            "tags": []
          },
          "sensitive_attributes": [],
          "private": "bnVsbA==",
          "dependencies": [
            "module.pre_publish.checkpoint_management_publish.pre_publish"
          ]
        }
      ]
    },
    {
      "module": "module.policy",
      "mode": "managed",
      "type": "checkpoint_management_network",
      "name": "network4",
      "provider": "provider[\"registry.terraform.io/checkpointsw/checkpoint\"]",
      "instances": [
        {
          "schema_version": 0,
          "attributes": {
            "broadcast": "allow",
            "color": "pink",
            "comments": "",
            "id": "1554e7de-6ad0-4266-98f8-4c288bd09074",
            "ignore_errors": false,
            "ignore_warnings": false,
            "mask_length4": 24,
            "mask_length6": null,
            "name": "network4",
            "nat_settings": {
              "auto_rule": "false"
            },
            "subnet4": "4.2.3.0",
            "subnet6": null,
            "tags": []
          },
          "sensitive_attributes": [],
          "private": "bnVsbA==",
          "dependencies": [
            "module.pre_publish.checkpoint_management_publish.pre_publish"
          ]
        }
      ]
    },
    {
      "module": "module.policy",
      "mode": "managed",
      "type": "checkpoint_management_network",
      "name": "network5",
      "provider": "provider[\"registry.terraform.io/checkpointsw/checkpoint\"]",
      "instances": [
        {
          "schema_version": 0,
          "attributes": {
            "broadcast": "allow",
            "color": "orange",
            "comments": "",
            "id": "49c6df33-ede9-4e2a-bf5b-cd5b666fb863",
            "ignore_errors": false,
            "ignore_warnings": false,
            "mask_length4": 24,
            "mask_length6": null,
            "name": "network5",
            "nat_settings": {
              "auto_rule": "false"
            },
            "subnet4": "5.2.3.0",
            "subnet6": null,
            "tags": []
          },
          "sensitive_attributes": [],
          "private": "bnVsbA==",
          "dependencies": [
            "module.pre_publish.checkpoint_management_publish.pre_publish"
          ]
        }
      ]
    },
    {
      "module": "module.policy",
      "mode": "managed",
      "type": "checkpoint_management_package",
      "name": "R81_terraform_Demo",
      "provider": "provider[\"registry.terraform.io/checkpointsw/checkpoint\"]",
      "instances": [
        {
          "schema_version": 0,
          "attributes": {
            "access": true,
            "color": "light green",
            "comments": "Created Using Terraform",
            "desktop_security": false,
            "id": "44719a6f-b400-424a-9e49-e0587b1dd55e",
            "ignore_errors": false,
            "ignore_warnings": false,
            "installation_targets": [],
            "name": "R81.20_terraform_Demo",
            "qos": false,
            "qos_policy_type": "recommended",
            "tags": [],
            "threat_prevention": true,
            "vpn_traditional_mode": false
          },
          "sensitive_attributes": [],
          "private": "bnVsbA==",
          "dependencies": [
            "module.pre_publish.checkpoint_management_publish.pre_publish"
          ]
        }
      ]
    },
    {
      "module": "module.policy",
      "mode": "managed",
      "type": "checkpoint_management_service_tcp",
      "name": "service1",
      "provider": "provider[\"registry.terraform.io/checkpointsw/checkpoint\"]",
      "instances": [
        {
          "schema_version": 0,
          "attributes": {
            "aggressive_aging": null,
            "color": "blue",
            "comments": "",
            "id": "87bebba4-4807-4e49-8f98-30f7da28f486",
            "ignore_errors": false,
            "ignore_warnings": false,
            "keep_connections_open_after_policy_installation": false,
            "match_by_protocol_signature": false,
            "match_for_any": false,
            "name": "service1",
            "override_default_settings": false,
            "port": "50001",
            "protocol": null,
            "session_timeout": 3550,
            "source_port": null,
            "sync_connections_on_cluster": true,
            "tags": [],
            "use_default_session_timeout": true
          },
          "sensitive_attributes": [],
          "private": "bnVsbA==",
          "dependencies": [
            "module.pre_publish.checkpoint_management_publish.pre_publish"
          ]
        }
      ]
    },
    {
      "module": "module.policy",
      "mode": "managed",
      "type": "checkpoint_management_service_tcp",
      "name": "service2",
      "provider": "provider[\"registry.terraform.io/checkpointsw/checkpoint\"]",
      "instances": [
        {
          "schema_version": 0,
          "attributes": {
            "aggressive_aging": null,
            "color": "red",
            "comments": "",
            "id": "d8095f2a-7589-4bd2-9894-5749652b8bc9",
            "ignore_errors": false,
            "ignore_warnings": false,
            "keep_connections_open_after_policy_installation": false,
            "match_by_protocol_signature": false,
            "match_for_any": false,
            "name": "service2",
            "override_default_settings": false,
            "port": "50002",
            "protocol": null,
            "session_timeout": 3550,
            "source_port": null,
            "sync_connections_on_cluster": true,
            "tags": [],
            "use_default_session_timeout": true
          },
          "sensitive_attributes": [],
          "private": "bnVsbA==",
          "dependencies": [
            "module.pre_publish.checkpoint_management_publish.pre_publish"
          ]
        }
      ]
    },
    {
      "module": "module.policy",
      "mode": "managed",
      "type": "checkpoint_management_service_tcp",
      "name": "service3",
      "provider": "provider[\"registry.terraform.io/checkpointsw/checkpoint\"]",
      "instances": [
        {
          "schema_version": 0,
          "attributes": {
            "aggressive_aging": null,
            "color": "sea green",
            "comments": "",
            "id": "989c51b3-36c4-4b30-b0ba-ddfb590671e5",
            "ignore_errors": false,
            "ignore_warnings": false,
            "keep_connections_open_after_policy_installation": false,
            "match_by_protocol_signature": false,
            "match_for_any": false,
            "name": "service3",
            "override_default_settings": false,
            "port": "50003",
            "protocol": null,
            "session_timeout": 3550,
            "source_port": null,
            "sync_connections_on_cluster": true,
            "tags": [],
            "use_default_session_timeout": true
          },
          "sensitive_attributes": [],
          "private": "bnVsbA==",
          "dependencies": [
            "module.pre_publish.checkpoint_management_publish.pre_publish"
          ]
        }
      ]
    },
    {
      "module": "module.policy",
      "mode": "managed",
      "type": "checkpoint_management_service_tcp",
      "name": "service4",
      "provider": "provider[\"registry.terraform.io/checkpointsw/checkpoint\"]",
      "instances": [
        {
          "schema_version": 0,
          "attributes": {
            "aggressive_aging": null,
            "color": "pink",
            "comments": "",
            "id": "62673eb0-32a1-43a6-99ca-d05283d0f55f",
            "ignore_errors": false,
            "ignore_warnings": false,
            "keep_connections_open_after_policy_installation": false,
            "match_by_protocol_signature": false,
            "match_for_any": false,
            "name": "service4",
            "override_default_settings": false,
            "port": "51004",
            "protocol": null,
            "session_timeout": 3550,
            "source_port": null,
            "sync_connections_on_cluster": true,
            "tags": [],
            "use_default_session_timeout": true
          },
          "sensitive_attributes": [],
          "private": "bnVsbA==",
          "dependencies": [
            "module.pre_publish.checkpoint_management_publish.pre_publish"
          ]
        }
      ]
    },
    {
      "module": "module.policy",
      "mode": "managed",
      "type": "checkpoint_management_service_tcp",
      "name": "service5",
      "provider": "provider[\"registry.terraform.io/checkpointsw/checkpoint\"]",
      "instances": [
        {
          "schema_version": 0,
          "attributes": {
            "aggressive_aging": null,
            "color": "orange",
            "comments": "",
            "id": "f3171062-12f9-40bb-9e1b-f20a1423783d",
            "ignore_errors": false,
            "ignore_warnings": false,
            "keep_connections_open_after_policy_installation": false,
            "match_by_protocol_signature": false,
            "match_for_any": false,
            "name": "service5",
            "override_default_settings": false,
            "port": "50004",
            "protocol": null,
            "session_timeout": 3550,
            "source_port": null,
            "sync_connections_on_cluster": true,
            "tags": [],
            "use_default_session_timeout": true
          },
          "sensitive_attributes": [],
          "private": "bnVsbA==",
          "dependencies": [
            "module.pre_publish.checkpoint_management_publish.pre_publish"
          ]
        }
      ]
    },
    {
      "module": "module.policy",
      "mode": "managed",
      "type": "checkpoint_management_service_udp",
      "name": "service1",
      "provider": "provider[\"registry.terraform.io/checkpointsw/checkpoint\"]",
      "instances": [
        {
          "schema_version": 0,
          "attributes": {
            "accept_replies": true,
            "aggressive_aging": null,
            "color": "blue",
            "comments": "",
            "id": "cbfeb55c-de29-4e05-8b92-f51018172665",
            "ignore_errors": false,
            "ignore_warnings": false,
            "keep_connections_open_after_policy_installation": false,
            "match_by_protocol_signature": false,
            "match_for_any": false,
            "name": "UDP_service1",
            "override_default_settings": false,
            "port": "50001",
            "protocol": null,
            "session_timeout": 3550,
            "source_port": null,
            "sync_connections_on_cluster": true,
            "tags": [],
            "use_default_session_timeout": true
          },
          "sensitive_attributes": [],
          "private": "bnVsbA==",
          "dependencies": [
            "module.pre_publish.checkpoint_management_publish.pre_publish"
          ]
        }
      ]
    },
    {
      "module": "module.policy",
      "mode": "managed",
      "type": "checkpoint_management_service_udp",
      "name": "service2",
      "provider": "provider[\"registry.terraform.io/checkpointsw/checkpoint\"]",
      "instances": [
        {
          "schema_version": 0,
          "attributes": {
            "accept_replies": true,
            "aggressive_aging": null,
            "color": "red",
            "comments": "",
            "id": "3b43ad32-5bfc-4cc8-9dca-8fdb22e2c764",
            "ignore_errors": false,
            "ignore_warnings": false,
            "keep_connections_open_after_policy_installation": false,
            "match_by_protocol_signature": false,
            "match_for_any": false,
            "name": "UDP_service2",
            "override_default_settings": false,
            "port": "50002",
            "protocol": null,
            "session_timeout": 3550,
            "source_port": null,
            "sync_connections_on_cluster": true,
            "tags": [],
            "use_default_session_timeout": true
          },
          "sensitive_attributes": [],
          "private": "bnVsbA==",
          "dependencies": [
            "module.pre_publish.checkpoint_management_publish.pre_publish"
          ]
        }
      ]
    },
    {
      "module": "module.policy",
      "mode": "managed",
      "type": "checkpoint_management_service_udp",
      "name": "service3",
      "provider": "provider[\"registry.terraform.io/checkpointsw/checkpoint\"]",
      "instances": [
        {
          "schema_version": 0,
          "attributes": {
            "accept_replies": true,
            "aggressive_aging": null,
            "color": "sea green",
            "comments": "",
            "id": "ea2ac73b-7911-4a4e-b3b1-b06b4b2ed19f",
            "ignore_errors": false,
            "ignore_warnings": false,
            "keep_connections_open_after_policy_installation": false,
            "match_by_protocol_signature": false,
            "match_for_any": false,
            "name": "UDP_service3",
            "override_default_settings": false,
            "port": "50003",
            "protocol": null,
            "session_timeout": 3550,
            "source_port": null,
            "sync_connections_on_cluster": true,
            "tags": [],
            "use_default_session_timeout": true
          },
          "sensitive_attributes": [],
          "private": "bnVsbA==",
          "dependencies": [
            "module.pre_publish.checkpoint_management_publish.pre_publish"
          ]
        }
      ]
    },
    {
      "module": "module.policy",
      "mode": "managed",
      "type": "checkpoint_management_service_udp",
      "name": "service4",
      "provider": "provider[\"registry.terraform.io/checkpointsw/checkpoint\"]",
      "instances": [
        {
          "schema_version": 0,
          "attributes": {
            "accept_replies": true,
            "aggressive_aging": null,
            "color": "pink",
            "comments": "",
            "id": "43fc6edf-b655-42b7-baba-f1793aff9ac8",
            "ignore_errors": false,
            "ignore_warnings": false,
            "keep_connections_open_after_policy_installation": false,
            "match_by_protocol_signature": false,
            "match_for_any": false,
            "name": "UDP_service4",
            "override_default_settings": false,
            "port": "51004",
            "protocol": null,
            "session_timeout": 3550,
            "source_port": null,
            "sync_connections_on_cluster": true,
            "tags": [],
            "use_default_session_timeout": true
          },
          "sensitive_attributes": [],
          "private": "bnVsbA==",
          "dependencies": [
            "module.pre_publish.checkpoint_management_publish.pre_publish"
          ]
        }
      ]
    },
    {
      "module": "module.policy",
      "mode": "managed",
      "type": "checkpoint_management_service_udp",
      "name": "service5",
      "provider": "provider[\"registry.terraform.io/checkpointsw/checkpoint\"]",
      "instances": [
        {
          "schema_version": 0,
          "attributes": {
            "accept_replies": true,
            "aggressive_aging": null,
            "color": "orange",
            "comments": "",
            "id": "8d462f57-3210-4eaf-bb37-55c878357d42",
            "ignore_errors": false,
            "ignore_warnings": false,
            "keep_connections_open_after_policy_installation": false,
            "match_by_protocol_signature": false,
            "match_for_any": false,
            "name": "UDP_service5",
            "override_default_settings": false,
            "port": "50004",
            "protocol": null,
            "session_timeout": 3550,
            "source_port": null,
            "sync_connections_on_cluster": true,
            "tags": [],
            "use_default_session_timeout": true
          },
          "sensitive_attributes": [],
          "private": "bnVsbA==",
          "dependencies": [
            "module.pre_publish.checkpoint_management_publish.pre_publish"
          ]
        }
      ]
    },
    {
      "module": "module.pre_publish",
      "mode": "managed",
      "type": "checkpoint_management_publish",
      "name": "pre_publish",
      "provider": "provider[\"registry.terraform.io/checkpointsw/checkpoint\"]",
      "instances": [
        {
          "schema_version": 0,
          "attributes": {
            "id": "publish-wtolnbi9wa",
            "run_publish_on_destroy": true,
            "task_id": "01234567-89ab-cdef-88e7-6f7a816321cc",
            "triggers": null,
            "uid": null
          },
          "sensitive_attributes": [],
          "private": "bnVsbA=="
        }
      ]
    },
    {
      "module": "module.publish",
      "mode": "managed",
      "type": "checkpoint_management_publish",
      "name": "publish",
      "provider": "provider[\"registry.terraform.io/checkpointsw/checkpoint\"]",
      "instances": [
        {
          "schema_version": 0,
          "attributes": {
            "id": "publish-9zskvsipq4",
            "run_publish_on_destroy": null,
            "task_id": "01234567-89ab-cdef-8a25-e41c637fed3c",
            "triggers": null,
            "uid": null
          },
          "sensitive_attributes": [],
          "private": "bnVsbA==",
          "dependencies": [
            "module.policy.checkpoint_management_access_layer.dns_layer",
            "module.policy.checkpoint_management_access_rule.inline_cleanup",
            "module.policy.checkpoint_management_access_rule.inline_rule1",
            "module.policy.checkpoint_management_access_rule.rule1",
            "module.policy.checkpoint_management_access_rule.rule2",
            "module.policy.checkpoint_management_access_rule.rule3",
            "module.policy.checkpoint_management_access_rule.rule4",
            "module.policy.checkpoint_management_access_rule.rule5",
            "module.policy.checkpoint_management_host.host1",
            "module.policy.checkpoint_management_host.host2",
            "module.policy.checkpoint_management_host.host3",
            "module.policy.checkpoint_management_host.host4",
            "module.policy.checkpoint_management_host.host5",
            "module.policy.checkpoint_management_network.network1",
            "module.policy.checkpoint_management_network.network2",
            "module.policy.checkpoint_management_network.network3",
            "module.policy.checkpoint_management_network.network4",
            "module.policy.checkpoint_management_network.network5",
            "module.policy.checkpoint_management_package.R81_terraform_Demo",
            "module.policy.checkpoint_management_service_tcp.service1",
            "module.policy.checkpoint_management_service_tcp.service2",
            "module.policy.checkpoint_management_service_tcp.service3",
            "module.policy.checkpoint_management_service_tcp.service4",
            "module.policy.checkpoint_management_service_tcp.service5",
            "module.policy.checkpoint_management_service_udp.service1",
            "module.policy.checkpoint_management_service_udp.service2",
            "module.policy.checkpoint_management_service_udp.service3",
            "module.policy.checkpoint_management_service_udp.service4",
            "module.policy.checkpoint_management_service_udp.service5",
            "module.pre_publish.checkpoint_management_publish.pre_publish"
          ]
        }
      ]
    }
  ],
  "check_results": null
}
